
Microsoft Visual Studio Solution File, Format Version 12.00
# Visual Studio 15
VisualStudioVersion = 15.0.27130.2010
MinimumVisualStudioVersion = 10.0.40219.1
Project("{2150E333-8FDC-42A3-9474-1A3956D46DE8}") = "Solution Items", "Solution Items", "{2B6E0BC2-9567-4432-A4D4-1F49567806D3}"
	ProjectSection(SolutionItems) = preProject
		Readme.md = Readme.md
	EndProjectSection
EndProject
Project("{2150E333-8FDC-42A3-9474-1A3956D46DE8}") = "Web", "Web", "{0DFD663F-C478-44E4-A713-A770E325ABF9}"
EndProject
Project("{2150E333-8FDC-42A3-9474-1A3956D46DE8}") = "Write", "Write", "{EDEFD8D0-07A4-443A-A213-BF2AAE8CA961}"
EndProject
Project("{2150E333-8FDC-42A3-9474-1A3956D46DE8}") = "Query", "Query", "{4E649E0D-78E7-4EDA-9E5E-9971B23D0020}"
EndProject
Project("{2150E333-8FDC-42A3-9474-1A3956D46DE8}") = "Search", "Search", "{EB1376E6-8F13-4D61-BAC5-E07F7102C604}"
EndProject
Project("{2150E333-8FDC-42A3-9474-1A3956D46DE8}") = "Services", "Services", "{AAAC4DCC-A082-48D6-BD37-3CA73717EA63}"
EndProject
Project("{2150E333-8FDC-42A3-9474-1A3956D46DE8}") = "Feed", "Feed", "{BB6649A7-015F-4A9B-AD54-62990BBF6B8B}"
EndProject
Project("{2150E333-8FDC-42A3-9474-1A3956D46DE8}") = "Common", "Common", "{CB0B2E68-95EB-4273-B66D-DE39E07F7971}"
EndProject
Project("{9A19103F-16F7-4668-BE54-9A1E7A4F7556}") = "Europa.Database", "Common\Europa.Database\Europa.Database.csproj", "{9992CD51-465E-455F-A869-B8C8453A73E5}"
EndProject
Project("{9A19103F-16F7-4668-BE54-9A1E7A4F7556}") = "Europa.Infrastructure", "Common\Europa.Infrastructure\Europa.Infrastructure.csproj", "{17E8F0E6-E40D-4FF0-AA3C-1776BE1969B5}"
EndProject
Project("{9A19103F-16F7-4668-BE54-9A1E7A4F7556}") = "Europa.Feed.Handlers", "Service-Feed\Europa.Feed.Handlers\Europa.Feed.Handlers.csproj", "{D2051570-F09F-4A7F-B0B2-434B34F9C87C}"
EndProject
Project("{9A19103F-16F7-4668-BE54-9A1E7A4F7556}") = "Europa.Feed.Host", "Service-Feed\Europa.Feed.Host\Europa.Feed.Host.csproj", "{6C2DB5A3-3718-43CC-8C23-ED78C711BC12}"
EndProject
Project("{9A19103F-16F7-4668-BE54-9A1E7A4F7556}") = "Europa.Feed.Messages", "Service-Feed\Europa.Feed.Messages\Europa.Feed.Messages.csproj", "{511EBE05-776D-4101-96D7-4404F1C134EC}"
EndProject
Project("{9A19103F-16F7-4668-BE54-9A1E7A4F7556}") = "Europa.Query.Messages", "Service-Query\Europa.Queries\Europa.Query.Messages.csproj", "{47404278-6061-4A58-91D2-A3077BAB727E}"
EndProject
Project("{9A19103F-16F7-4668-BE54-9A1E7A4F7556}") = "Europa.Query.Handlers", "Service-Query\Europa.Queries.Handlers\Europa.Query.Handlers.csproj", "{23E542DC-A7CE-4BA3-82D3-BAD15C37ABE0}"
EndProject
Project("{9A19103F-16F7-4668-BE54-9A1E7A4F7556}") = "Europa.Query.Host", "Service-Query\Europa.Queries.Host\Europa.Query.Host.csproj", "{97CB9884-B7E3-40AF-85D8-C4E6767FBE72}"
EndProject
Project("{9A19103F-16F7-4668-BE54-9A1E7A4F7556}") = "Europa.Query.Data", "Service-Query\Europa.Query.Data\Europa.Query.Data.csproj", "{0029F75D-827E-4F59-A17E-B1C9CAA3C50E}"
EndProject
Project("{9A19103F-16F7-4668-BE54-9A1E7A4F7556}") = "Europa.Query.Handlers.Tests", "Service-Query\Europa.Query.Handlers.Tests\Europa.Query.Handlers.Tests.csproj", "{350AC069-CA42-4C0D-89FD-0DCB47E70316}"
EndProject
Project("{9A19103F-16F7-4668-BE54-9A1E7A4F7556}") = "Europa.Search.Index", "Service-Search\Europa.Search\Europa.Search.Index.csproj", "{F1B87040-89E5-4925-B30A-8D254A632297}"
EndProject
Project("{9A19103F-16F7-4668-BE54-9A1E7A4F7556}") = "Europa.Search.Handlers", "Service-Search\Europa.Search.Handlers\Europa.Search.Handlers.csproj", "{52204A99-8DC3-4CD0-8577-25DBCD748FEB}"
EndProject
Project("{9A19103F-16F7-4668-BE54-9A1E7A4F7556}") = "Europa.Search.Host", "Service-Search\Europa.Search.Host\Europa.Search.Host.csproj", "{8717597B-4101-4A9B-AB7F-A91E8CD16560}"
EndProject
Project("{9A19103F-16F7-4668-BE54-9A1E7A4F7556}") = "Europa.Search.Messages", "Service-Search\Europa.Search.Messages\Europa.Search.Messages.csproj", "{2C471EDE-53CE-41C8-8C83-6BC7089C3A02}"
EndProject
Project("{9A19103F-16F7-4668-BE54-9A1E7A4F7556}") = "Europa.Write.Data", "Service-Write\Europa.Write.Data\Europa.Write.Data.csproj", "{A357FF2B-0E36-4A21-9A8B-D677236E09A4}"
EndProject
Project("{9A19103F-16F7-4668-BE54-9A1E7A4F7556}") = "Europa.Write.Data.Tests", "Service-Write\Europa.Write.Data.Tests\Europa.Write.Data.Tests.csproj", "{40452F91-66DA-4C97-AAF7-75B119AD8153}"
EndProject
Project("{9A19103F-16F7-4668-BE54-9A1E7A4F7556}") = "Europa.Write.Handlers", "Service-Write\Europa.Write.Handlers\Europa.Write.Handlers.csproj", "{F592C257-4C9E-40C1-956C-D64A67D34F25}"
EndProject
Project("{9A19103F-16F7-4668-BE54-9A1E7A4F7556}") = "Europa.Write.Handlers.Tests", "Service-Write\Europa.Write.Handlers.Tests\Europa.Write.Handlers.Tests.csproj", "{39FF09E7-8E57-4FAE-9CD5-506DC41F09FF}"
EndProject
Project("{9A19103F-16F7-4668-BE54-9A1E7A4F7556}") = "Europa.Write.Host", "Service-Write\Europa.Write.Host\Europa.Write.Host.csproj", "{ACF4FE0E-5F31-4139-9895-28FB85CCBFE8}"
EndProject
Project("{9A19103F-16F7-4668-BE54-9A1E7A4F7556}") = "Europa.Write.Messages", "Service-Write\Europa.Write.Messages\Europa.Write.Messages.csproj", "{B751AC41-60FD-4E97-B5A8-7E2230EF5D8E}"
EndProject
Project("{9A19103F-16F7-4668-BE54-9A1E7A4F7556}") = "Europa.Web", "Web\Europa.Web\Europa.Web.csproj", "{A5253E2A-BB2E-4C95-83EE-335B96EF98E3}"
EndProject
Project("{9A19103F-16F7-4668-BE54-9A1E7A4F7556}") = "Europa.Web.Tests", "Web\Europa.Web.Tests\Europa.Web.Tests.csproj", "{0532D60F-A684-46EC-8146-D4B9E8A5820B}"
EndProject
Global
	GlobalSection(SolutionConfigurationPlatforms) = preSolution
		Debug|Any CPU = Debug|Any CPU
		Release|Any CPU = Release|Any CPU
	EndGlobalSection
	GlobalSection(ProjectConfigurationPlatforms) = postSolution
		{9992CD51-465E-455F-A869-B8C8453A73E5}.Debug|Any CPU.ActiveCfg = Debug|Any CPU
		{9992CD51-465E-455F-A869-B8C8453A73E5}.Debug|Any CPU.Build.0 = Debug|Any CPU
		{9992CD51-465E-455F-A869-B8C8453A73E5}.Release|Any CPU.ActiveCfg = Release|Any CPU
		{9992CD51-465E-455F-A869-B8C8453A73E5}.Release|Any CPU.Build.0 = Release|Any CPU
		{17E8F0E6-E40D-4FF0-AA3C-1776BE1969B5}.Debug|Any CPU.ActiveCfg = Debug|Any CPU
		{17E8F0E6-E40D-4FF0-AA3C-1776BE1969B5}.Debug|Any CPU.Build.0 = Debug|Any CPU
		{17E8F0E6-E40D-4FF0-AA3C-1776BE1969B5}.Release|Any CPU.ActiveCfg = Release|Any CPU
		{17E8F0E6-E40D-4FF0-AA3C-1776BE1969B5}.Release|Any CPU.Build.0 = Release|Any CPU
		{D2051570-F09F-4A7F-B0B2-434B34F9C87C}.Debug|Any CPU.ActiveCfg = Debug|Any CPU
		{D2051570-F09F-4A7F-B0B2-434B34F9C87C}.Debug|Any CPU.Build.0 = Debug|Any CPU
		{D2051570-F09F-4A7F-B0B2-434B34F9C87C}.Release|Any CPU.ActiveCfg = Release|Any CPU
		{D2051570-F09F-4A7F-B0B2-434B34F9C87C}.Release|Any CPU.Build.0 = Release|Any CPU
		{6C2DB5A3-3718-43CC-8C23-ED78C711BC12}.Debug|Any CPU.ActiveCfg = Debug|Any CPU
		{6C2DB5A3-3718-43CC-8C23-ED78C711BC12}.Debug|Any CPU.Build.0 = Debug|Any CPU
		{6C2DB5A3-3718-43CC-8C23-ED78C711BC12}.Release|Any CPU.ActiveCfg = Release|Any CPU
		{6C2DB5A3-3718-43CC-8C23-ED78C711BC12}.Release|Any CPU.Build.0 = Release|Any CPU
		{511EBE05-776D-4101-96D7-4404F1C134EC}.Debug|Any CPU.ActiveCfg = Debug|Any CPU
		{511EBE05-776D-4101-96D7-4404F1C134EC}.Debug|Any CPU.Build.0 = Debug|Any CPU
		{511EBE05-776D-4101-96D7-4404F1C134EC}.Release|Any CPU.ActiveCfg = Release|Any CPU
		{511EBE05-776D-4101-96D7-4404F1C134EC}.Release|Any CPU.Build.0 = Release|Any CPU
		{47404278-6061-4A58-91D2-A3077BAB727E}.Debug|Any CPU.ActiveCfg = Debug|Any CPU
		{47404278-6061-4A58-91D2-A3077BAB727E}.Debug|Any CPU.Build.0 = Debug|Any CPU
		{47404278-6061-4A58-91D2-A3077BAB727E}.Release|Any CPU.ActiveCfg = Release|Any CPU
		{47404278-6061-4A58-91D2-A3077BAB727E}.Release|Any CPU.Build.0 = Release|Any CPU
		{23E542DC-A7CE-4BA3-82D3-BAD15C37ABE0}.Debug|Any CPU.ActiveCfg = Debug|Any CPU
		{23E542DC-A7CE-4BA3-82D3-BAD15C37ABE0}.Debug|Any CPU.Build.0 = Debug|Any CPU
		{23E542DC-A7CE-4BA3-82D3-BAD15C37ABE0}.Release|Any CPU.ActiveCfg = Release|Any CPU
		{23E542DC-A7CE-4BA3-82D3-BAD15C37ABE0}.Release|Any CPU.Build.0 = Release|Any CPU
		{97CB9884-B7E3-40AF-85D8-C4E6767FBE72}.Debug|Any CPU.ActiveCfg = Debug|Any CPU
		{97CB9884-B7E3-40AF-85D8-C4E6767FBE72}.Debug|Any CPU.Build.0 = Debug|Any CPU
		{97CB9884-B7E3-40AF-85D8-C4E6767FBE72}.Release|Any CPU.ActiveCfg = Release|Any CPU
		{97CB9884-B7E3-40AF-85D8-C4E6767FBE72}.Release|Any CPU.Build.0 = Release|Any CPU
		{0029F75D-827E-4F59-A17E-B1C9CAA3C50E}.Debug|Any CPU.ActiveCfg = Debug|Any CPU
		{0029F75D-827E-4F59-A17E-B1C9CAA3C50E}.Debug|Any CPU.Build.0 = Debug|Any CPU
		{0029F75D-827E-4F59-A17E-B1C9CAA3C50E}.Release|Any CPU.ActiveCfg = Release|Any CPU
		{0029F75D-827E-4F59-A17E-B1C9CAA3C50E}.Release|Any CPU.Build.0 = Release|Any CPU
		{350AC069-CA42-4C0D-89FD-0DCB47E70316}.Debug|Any CPU.ActiveCfg = Debug|Any CPU
		{350AC069-CA42-4C0D-89FD-0DCB47E70316}.Debug|Any CPU.Build.0 = Debug|Any CPU
		{350AC069-CA42-4C0D-89FD-0DCB47E70316}.Release|Any CPU.ActiveCfg = Release|Any CPU
		{350AC069-CA42-4C0D-89FD-0DCB47E70316}.Release|Any CPU.Build.0 = Release|Any CPU
		{F1B87040-89E5-4925-B30A-8D254A632297}.Debug|Any CPU.ActiveCfg = Debug|Any CPU
		{F1B87040-89E5-4925-B30A-8D254A632297}.Debug|Any CPU.Build.0 = Debug|Any CPU
		{F1B87040-89E5-4925-B30A-8D254A632297}.Release|Any CPU.ActiveCfg = Release|Any CPU
		{F1B87040-89E5-4925-B30A-8D254A632297}.Release|Any CPU.Build.0 = Release|Any CPU
		{52204A99-8DC3-4CD0-8577-25DBCD748FEB}.Debug|Any CPU.ActiveCfg = Debug|Any CPU
		{52204A99-8DC3-4CD0-8577-25DBCD748FEB}.Debug|Any CPU.Build.0 = Debug|Any CPU
		{52204A99-8DC3-4CD0-8577-25DBCD748FEB}.Release|Any CPU.ActiveCfg = Release|Any CPU
		{52204A99-8DC3-4CD0-8577-25DBCD748FEB}.Release|Any CPU.Build.0 = Release|Any CPU
		{8717597B-4101-4A9B-AB7F-A91E8CD16560}.Debug|Any CPU.ActiveCfg = Debug|Any CPU
		{8717597B-4101-4A9B-AB7F-A91E8CD16560}.Debug|Any CPU.Build.0 = Debug|Any CPU
		{8717597B-4101-4A9B-AB7F-A91E8CD16560}.Release|Any CPU.ActiveCfg = Release|Any CPU
		{8717597B-4101-4A9B-AB7F-A91E8CD16560}.Release|Any CPU.Build.0 = Release|Any CPU
		{2C471EDE-53CE-41C8-8C83-6BC7089C3A02}.Debug|Any CPU.ActiveCfg = Debug|Any CPU
		{2C471EDE-53CE-41C8-8C83-6BC7089C3A02}.Debug|Any CPU.Build.0 = Debug|Any CPU
		{2C471EDE-53CE-41C8-8C83-6BC7089C3A02}.Release|Any CPU.ActiveCfg = Release|Any CPU
		{2C471EDE-53CE-41C8-8C83-6BC7089C3A02}.Release|Any CPU.Build.0 = Release|Any CPU
		{A357FF2B-0E36-4A21-9A8B-D677236E09A4}.Debug|Any CPU.ActiveCfg = Debug|Any CPU
		{A357FF2B-0E36-4A21-9A8B-D677236E09A4}.Debug|Any CPU.Build.0 = Debug|Any CPU
		{A357FF2B-0E36-4A21-9A8B-D677236E09A4}.Release|Any CPU.ActiveCfg = Release|Any CPU
		{A357FF2B-0E36-4A21-9A8B-D677236E09A4}.Release|Any CPU.Build.0 = Release|Any CPU
		{40452F91-66DA-4C97-AAF7-75B119AD8153}.Debug|Any CPU.ActiveCfg = Debug|Any CPU
		{40452F91-66DA-4C97-AAF7-75B119AD8153}.Debug|Any CPU.Build.0 = Debug|Any CPU
		{40452F91-66DA-4C97-AAF7-75B119AD8153}.Release|Any CPU.ActiveCfg = Release|Any CPU
		{40452F91-66DA-4C97-AAF7-75B119AD8153}.Release|Any CPU.Build.0 = Release|Any CPU
		{F592C257-4C9E-40C1-956C-D64A67D34F25}.Debug|Any CPU.ActiveCfg = Debug|Any CPU
		{F592C257-4C9E-40C1-956C-D64A67D34F25}.Debug|Any CPU.Build.0 = Debug|Any CPU
		{F592C257-4C9E-40C1-956C-D64A67D34F25}.Release|Any CPU.ActiveCfg = Release|Any CPU
		{F592C257-4C9E-40C1-956C-D64A67D34F25}.Release|Any CPU.Build.0 = Release|Any CPU
		{39FF09E7-8E57-4FAE-9CD5-506DC41F09FF}.Debug|Any CPU.ActiveCfg = Debug|Any CPU
		{39FF09E7-8E57-4FAE-9CD5-506DC41F09FF}.Debug|Any CPU.Build.0 = Debug|Any CPU
		{39FF09E7-8E57-4FAE-9CD5-506DC41F09FF}.Release|Any CPU.ActiveCfg = Release|Any CPU
		{39FF09E7-8E57-4FAE-9CD5-506DC41F09FF}.Release|Any CPU.Build.0 = Release|Any CPU
		{ACF4FE0E-5F31-4139-9895-28FB85CCBFE8}.Debug|Any CPU.ActiveCfg = Debug|Any CPU
		{ACF4FE0E-5F31-4139-9895-28FB85CCBFE8}.Debug|Any CPU.Build.0 = Debug|Any CPU
		{ACF4FE0E-5F31-4139-9895-28FB85CCBFE8}.Release|Any CPU.ActiveCfg = Release|Any CPU
		{ACF4FE0E-5F31-4139-9895-28FB85CCBFE8}.Release|Any CPU.Build.0 = Release|Any CPU
		{B751AC41-60FD-4E97-B5A8-7E2230EF5D8E}.Debug|Any CPU.ActiveCfg = Debug|Any CPU
		{B751AC41-60FD-4E97-B5A8-7E2230EF5D8E}.Debug|Any CPU.Build.0 = Debug|Any CPU
		{B751AC41-60FD-4E97-B5A8-7E2230EF5D8E}.Release|Any CPU.ActiveCfg = Release|Any CPU
		{B751AC41-60FD-4E97-B5A8-7E2230EF5D8E}.Release|Any CPU.Build.0 = Release|Any CPU
		{A5253E2A-BB2E-4C95-83EE-335B96EF98E3}.Debug|Any CPU.ActiveCfg = Debug|Any CPU
		{A5253E2A-BB2E-4C95-83EE-335B96EF98E3}.Debug|Any CPU.Build.0 = Debug|Any CPU
		{A5253E2A-BB2E-4C95-83EE-335B96EF98E3}.Release|Any CPU.ActiveCfg = Release|Any CPU
		{A5253E2A-BB2E-4C95-83EE-335B96EF98E3}.Release|Any CPU.Build.0 = Release|Any CPU
		{0532D60F-A684-46EC-8146-D4B9E8A5820B}.Debug|Any CPU.ActiveCfg = Debug|Any CPU
		{0532D60F-A684-46EC-8146-D4B9E8A5820B}.Debug|Any CPU.Build.0 = Debug|Any CPU
		{0532D60F-A684-46EC-8146-D4B9E8A5820B}.Release|Any CPU.ActiveCfg = Release|Any CPU
		{0532D60F-A684-46EC-8146-D4B9E8A5820B}.Release|Any CPU.Build.0 = Release|Any CPU
	EndGlobalSection
	GlobalSection(SolutionProperties) = preSolution
		HideSolutionNode = FALSE
	EndGlobalSection
	GlobalSection(NestedProjects) = preSolution
		{EDEFD8D0-07A4-443A-A213-BF2AAE8CA961} = {AAAC4DCC-A082-48D6-BD37-3CA73717EA63}
		{4E649E0D-78E7-4EDA-9E5E-9971B23D0020} = {AAAC4DCC-A082-48D6-BD37-3CA73717EA63}
		{EB1376E6-8F13-4D61-BAC5-E07F7102C604} = {AAAC4DCC-A082-48D6-BD37-3CA73717EA63}
		{BB6649A7-015F-4A9B-AD54-62990BBF6B8B} = {AAAC4DCC-A082-48D6-BD37-3CA73717EA63}
		{9992CD51-465E-455F-A869-B8C8453A73E5} = {CB0B2E68-95EB-4273-B66D-DE39E07F7971}
		{17E8F0E6-E40D-4FF0-AA3C-1776BE1969B5} = {CB0B2E68-95EB-4273-B66D-DE39E07F7971}
		{D2051570-F09F-4A7F-B0B2-434B34F9C87C} = {BB6649A7-015F-4A9B-AD54-62990BBF6B8B}
		{6C2DB5A3-3718-43CC-8C23-ED78C711BC12} = {BB6649A7-015F-4A9B-AD54-62990BBF6B8B}
		{511EBE05-776D-4101-96D7-4404F1C134EC} = {BB6649A7-015F-4A9B-AD54-62990BBF6B8B}
		{47404278-6061-4A58-91D2-A3077BAB727E} = {4E649E0D-78E7-4EDA-9E5E-9971B23D0020}
		{23E542DC-A7CE-4BA3-82D3-BAD15C37ABE0} = {4E649E0D-78E7-4EDA-9E5E-9971B23D0020}
		{97CB9884-B7E3-40AF-85D8-C4E6767FBE72} = {4E649E0D-78E7-4EDA-9E5E-9971B23D0020}
		{0029F75D-827E-4F59-A17E-B1C9CAA3C50E} = {4E649E0D-78E7-4EDA-9E5E-9971B23D0020}
		{350AC069-CA42-4C0D-89FD-0DCB47E70316} = {4E649E0D-78E7-4EDA-9E5E-9971B23D0020}
		{F1B87040-89E5-4925-B30A-8D254A632297} = {EB1376E6-8F13-4D61-BAC5-E07F7102C604}
		{52204A99-8DC3-4CD0-8577-25DBCD748FEB} = {EB1376E6-8F13-4D61-BAC5-E07F7102C604}
		{8717597B-4101-4A9B-AB7F-A91E8CD16560} = {EB1376E6-8F13-4D61-BAC5-E07F7102C604}
		{2C471EDE-53CE-41C8-8C83-6BC7089C3A02} = {EB1376E6-8F13-4D61-BAC5-E07F7102C604}
		{A357FF2B-0E36-4A21-9A8B-D677236E09A4} = {EDEFD8D0-07A4-443A-A213-BF2AAE8CA961}
		{40452F91-66DA-4C97-AAF7-75B119AD8153} = {EDEFD8D0-07A4-443A-A213-BF2AAE8CA961}
		{F592C257-4C9E-40C1-956C-D64A67D34F25} = {EDEFD8D0-07A4-443A-A213-BF2AAE8CA961}
		{39FF09E7-8E57-4FAE-9CD5-506DC41F09FF} = {EDEFD8D0-07A4-443A-A213-BF2AAE8CA961}
		{ACF4FE0E-5F31-4139-9895-28FB85CCBFE8} = {EDEFD8D0-07A4-443A-A213-BF2AAE8CA961}
		{B751AC41-60FD-4E97-B5A8-7E2230EF5D8E} = {EDEFD8D0-07A4-443A-A213-BF2AAE8CA961}
		{A5253E2A-BB2E-4C95-83EE-335B96EF98E3} = {0DFD663F-C478-44E4-A713-A770E325ABF9}
		{0532D60F-A684-46EC-8146-D4B9E8A5820B} = {0DFD663F-C478-44E4-A713-A770E325ABF9}
	EndGlobalSection
	GlobalSection(ExtensibilityGlobals) = postSolution
		SolutionGuid = {900FA38C-41BD-4D40-B161-58652061A76A}
	EndGlobalSection
EndGlobal
